
Microsoft Visual Studio Solution File, Format Version 12.00
# Visual Studio Version 16
VisualStudioVersion = 16.0.29806.167
MinimumVisualStudioVersion = 10.0.40219.1
Project("{9A19103F-16F7-4668-BE54-9A1E7A4F7556}") = "Reflection_Person", "Reflection_Person\Reflection_Person.csproj", "{4B791CED-223C-4359-AA7C-50085A96992A}"
EndProject
Project("{9A19103F-16F7-4668-BE54-9A1E7A4F7556}") = "NUnit_Test", "NUnit_Test\NUnit_Test.csproj", "{0DF220CC-6956-4043-B770-2E747A3BB551}"
EndProject
Global
	GlobalSection(SolutionConfigurationPlatforms) = preSolution
		Debug|Any CPU = Debug|Any CPU
		Release|Any CPU = Release|Any CPU
	EndGlobalSection
	GlobalSection(ProjectConfigurationPlatforms) = postSolution
		{4B791CED-223C-4359-AA7C-50085A96992A}.Debug|Any CPU.ActiveCfg = Debug|Any CPU
		{4B791CED-223C-4359-AA7C-50085A96992A}.Debug|Any CPU.Build.0 = Debug|Any CPU
		{4B791CED-223C-4359-AA7C-50085A96992A}.Release|Any CPU.ActiveCfg = Release|Any CPU
		{4B791CED-223C-4359-AA7C-50085A96992A}.Release|Any CPU.Build.0 = Release|Any CPU
		{0DF220CC-6956-4043-B770-2E747A3BB551}.Debug|Any CPU.ActiveCfg = Debug|Any CPU
		{0DF220CC-6956-4043-B770-2E747A3BB551}.Debug|Any CPU.Build.0 = Debug|Any CPU
		{0DF220CC-6956-4043-B770-2E747A3BB551}.Release|Any CPU.ActiveCfg = Release|Any CPU
		{0DF220CC-6956-4043-B770-2E747A3BB551}.Release|Any CPU.Build.0 = Release|Any CPU
	EndGlobalSection
	GlobalSection(SolutionProperties) = preSolution
		HideSolutionNode = FALSE
	EndGlobalSection
	GlobalSection(ExtensibilityGlobals) = postSolution
		SolutionGuid = {BA2BC107-80B0-4162-9BFD-66560474DC27}
	EndGlobalSection
EndGlobal
